{
  "originHash" : "fb8e018efff054a9c3461b34250b86e0b49e5ee32224e7a5cabcfd7d8e9d0e45",
  "pins" : [
    {
      "identity" : "audiostreaming",
      "kind" : "remoteSourceControl",
      "location" : "https://github.com/dimitris-c/AudioStreaming.git",
      "state" : {
        "revision" : "ce2b88ac03385fc3839be665e0d8fb7e85775c23",
        "version" : "1.2.6"
      }
    },
    {
      "identity" : "swift-argument-parser",
      "kind" : "remoteSourceControl",
      "location" : "https://github.com/apple/swift-argument-parser.git",
      "state" : {
        "revision" : "0fbc8848e389af3bb55c182bc19ca9d5dc2f255b",
        "version" : "1.4.0"
      }
    }
  ],
  "version" : 3
}
